
Microsoft Visual Studio Solution File, Format Version 10.00
# Visual Studio 2008
Project("{FAE04EC0-301F-11D3-BF4B-00C04F79EFBC}") = "AllocationInfoAddin", "AllocationInfo\AllocationInfoAddin.csproj", "{27FADD19-33BC-43A5-A241-E187C1D4ECC0}"
EndProject
Project("{54435603-DBB4-11D2-8724-00A0C9A8B90C}") = "AllocationInfoSetup", "AllocationInfoSetup\AllocationInfoSetup.vdproj", "{BFAAED6A-3B23-4F25-9D64-184564B747B3}"
EndProject
Project("{FAE04EC0-301F-11D3-BF4B-00C04F79EFBC}") = "Internals", "Internals\Internals.csproj", "{E4AB2AC6-C54F-4A6E-93A3-FF282390A3C1}"
EndProject
Global
	GlobalSection(SolutionConfigurationPlatforms) = preSolution
		Debug|Any CPU = Debug|Any CPU
		Release|Any CPU = Release|Any CPU
	EndGlobalSection
	GlobalSection(ProjectConfigurationPlatforms) = postSolution
		{27FADD19-33BC-43A5-A241-E187C1D4ECC0}.Debug|Any CPU.ActiveCfg = Debug|Any CPU
		{27FADD19-33BC-43A5-A241-E187C1D4ECC0}.Debug|Any CPU.Build.0 = Debug|Any CPU
		{27FADD19-33BC-43A5-A241-E187C1D4ECC0}.Release|Any CPU.ActiveCfg = Release|Any CPU
		{27FADD19-33BC-43A5-A241-E187C1D4ECC0}.Release|Any CPU.Build.0 = Release|Any CPU
		{BFAAED6A-3B23-4F25-9D64-184564B747B3}.Debug|Any CPU.ActiveCfg = Debug
		{BFAAED6A-3B23-4F25-9D64-184564B747B3}.Release|Any CPU.ActiveCfg = Release
		{E4AB2AC6-C54F-4A6E-93A3-FF282390A3C1}.Debug|Any CPU.ActiveCfg = Debug|Any CPU
		{E4AB2AC6-C54F-4A6E-93A3-FF282390A3C1}.Debug|Any CPU.Build.0 = Debug|Any CPU
		{E4AB2AC6-C54F-4A6E-93A3-FF282390A3C1}.Release|Any CPU.ActiveCfg = Release|Any CPU
		{E4AB2AC6-C54F-4A6E-93A3-FF282390A3C1}.Release|Any CPU.Build.0 = Release|Any CPU
	EndGlobalSection
	GlobalSection(SolutionProperties) = preSolution
		HideSolutionNode = FALSE
	EndGlobalSection
EndGlobal
